// !$*UTF8*$!
{
	archiveVersion = 1;
	classes = {
	};
	objectVersion = 50;
	objects = {

/* Begin PBXBuildFile section */
		49A38122222E780C00306BA4 /* AppDelegate.swift in Sources */ = {isa = PBXBuildFile; fileRef = 49A38121222E780C00306BA4 /* AppDelegate.swift */; };
		49A38124222E780C00306BA4 /* ViewController.swift in Sources */ = {isa = PBXBuildFile; fileRef = 49A38123222E780C00306BA4 /* ViewController.swift */; };
		49A38127222E780C00306BA4 /* Main.storyboard in Resources */ = {isa = PBXBuildFile; fileRef = 49A38125222E780C00306BA4 /* Main.storyboard */; };
		49A38129222E780D00306BA4 /* Assets.xcassets in Resources */ = {isa = PBXBuildFile; fileRef = 49A38128222E780D00306BA4 /* Assets.xcassets */; };
		49A3812C222E780D00306BA4 /* LaunchScreen.storyboard in Resources */ = {isa = PBXBuildFile; fileRef = 49A3812A222E780D00306BA4 /* LaunchScreen.storyboard */; };
		49A38137222E780D00306BA4 /* SwiftBuzzTests.swift in Sources */ = {isa = PBXBuildFile; fileRef = 49A38136222E780D00306BA4 /* SwiftBuzzTests.swift */; };
/* End PBXBuildFile section */

/* Begin PBXContainerItemProxy section */
		49A38133222E780D00306BA4 /* PBXContainerItemProxy */ = {
			isa = PBXContainerItemProxy;
			containerPortal = 49A38116222E780C00306BA4 /* Project object */;
			proxyType = 1;
			remoteGlobalIDString = 49A3811D222E780C00306BA4;
			remoteInfo = SwiftBuzz;
		};
/* End PBXContainerItemProxy section */

/* Begin PBXFileReference section */
		49A3811E222E780C00306BA4 /* SwiftBuzz.app */ = {isa = PBXFileReference; explicitFileType = wrapper.application; includeInIndex = 0; path = SwiftBuzz.app; sourceTree = BUILT_PRODUCTS_DIR; };
		49A38121222E780C00306BA4 /* AppDelegate.swift */ = {isa = PBXFileReference; lastKnownFileType = sourcecode.swift; path = AppDelegate.swift; sourceTree = "<group>"; };
		49A38123222E780C00306BA4 /* ViewController.swift */ = {isa = PBXFileReference; lastKnownFileType = sourcecode.swift; path = ViewController.swift; sourceTree = "<group>"; };
		49A38126222E780C00306BA4 /* Base */ = {isa = PBXFileReference; lastKnownFileType = file.storyboard; name = Base; path = Base.lproj/Main.storyboard; sourceTree = "<group>"; };
		49A38128222E780D00306BA4 /* Assets.xcassets */ = {isa = PBXFileReference; lastKnownFileType = folder.assetcatalog; path = Assets.xcassets; sourceTree = "<group>"; };
		49A3812B222E780D00306BA4 /* Base */ = {isa = PBXFileReference; lastKnownFileType = file.storyboard; name = Base; path = Base.lproj/LaunchScreen.storyboard; sourceTree = "<group>"; };
		49A3812D222E780D00306BA4 /* Info.plist */ = {isa = PBXFileReference; lastKnownFileType = text.plist.xml; path = Info.plist; sourceTree = "<group>"; };
		49A38132222E780D00306BA4 /* SwiftBuzzTests.xctest */ = {isa = PBXFileReference; explicitFileType = wrapper.cfbundle; includeInIndex = 0; path = SwiftBuzzTests.xctest; sourceTree = BUILT_PRODUCTS_DIR; };
		49A38136222E780D00306BA4 /* SwiftBuzzTests.swift */ = {isa = PBXFileReference; lastKnownFileType = sourcecode.swift; path = SwiftBuzzTests.swift; sourceTree = "<group>"; };
		49A38138222E780D00306BA4 /* Info.plist */ = {isa = PBXFileReference; lastKnownFileType = text.plist.xml; path = Info.plist; sourceTree = "<group>"; };
/* End PBXFileReference section */

/* Begin PBXFrameworksBuildPhase section */
		49A3811B222E780C00306BA4 /* Frameworks */ = {
			isa = PBXFrameworksBuildPhase;
			buildActionMask = 2147483647;
			files = (
			);
			runOnlyForDeploymentPostprocessing = 0;
		};
		49A3812F222E780D00306BA4 /* Frameworks */ = {
			isa = PBXFrameworksBuildPhase;
			buildActionMask = 2147483647;
			files = (
			);
			runOnlyForDeploymentPostprocessing = 0;
		};
/* End PBXFrameworksBuildPhase section */

/* Begin PBXGroup section */
		49A38115222E780C00306BA4 = {
			isa = PBXGroup;
			children = (
				49A38120222E780C00306BA4 /* SwiftBuzz */,
				49A38135222E780D00306BA4 /* SwiftBuzzTests */,
				49A3811F222E780C00306BA4 /* Products */,
			);
			sourceTree = "<group>";
		};
		49A3811F222E780C00306BA4 /* Products */ = {
			isa = PBXGroup;
			children = (
				49A3811E222E780C00306BA4 /* SwiftBuzz.app */,
				49A38132222E780D00306BA4 /* SwiftBuzzTests.xctest */,
			);
			name = Products;
			sourceTree = "<group>";
		};
		49A38120222E780C00306BA4 /* SwiftBuzz */ = {
			isa = PBXGroup;
			children = (
				49A38121222E780C00306BA4 /* AppDelegate.swift */,
				49A38123222E780C00306BA4 /* ViewController.swift */,
				49A38125222E780C00306BA4 /* Main.storyboard */,
				49A38128222E780D00306BA4 /* Assets.xcassets */,
				49A3812A222E780D00306BA4 /* LaunchScreen.storyboard */,
				49A3812D222E780D00306BA4 /* Info.plist */,
			);
			path = SwiftBuzz;
			sourceTree = "<group>";
		};
		49A38135222E780D00306BA4 /* SwiftBuzzTests */ = {
			isa = PBXGroup;
			children = (
				49A38136222E780D00306BA4 /* SwiftBuzzTests.swift */,
				49A38138222E780D00306BA4 /* Info.plist */,
			);
			path = SwiftBuzzTests;
			sourceTree = "<group>";
		};
/* End PBXGroup section */

/* Begin PBXNativeTarget section */
		49A3811D222E780C00306BA4 /* SwiftBuzz */ = {
			isa = PBXNativeTarget;
			buildConfigurationList = 49A3813B222E780D00306BA4 /* Build configuration list for PBXNativeTarget "SwiftBuzz" */;
			buildPhases = (
				49A3811A222E780C00306BA4 /* Sources */,
				49A3811B222E780C00306BA4 /* Frameworks */,
				49A3811C222E780C00306BA4 /* Resources */,
			);
			buildRules = (
			);
			dependencies = (
			);
			name = SwiftBuzz;
			productName = SwiftBuzz;
			productReference = 49A3811E222E780C00306BA4 /* SwiftBuzz.app */;
			productType = "com.apple.product-type.application";
		};
		49A38131222E780D00306BA4 /* SwiftBuzzTests */ = {
			isa = PBXNativeTarget;
			buildConfigurationList = 49A3813E222E780D00306BA4 /* Build configuration list for PBXNativeTarget "SwiftBuzzTests" */;
			buildPhases = (
				49A3812E222E780D00306BA4 /* Sources */,
				49A3812F222E780D00306BA4 /* Frameworks */,
				49A38130222E780D00306BA4 /* Resources */,
			);
			buildRules = (
			);
			dependencies = (
				49A38134222E780D00306BA4 /* PBXTargetDependency */,
			);
			name = SwiftBuzzTests;
			productName = SwiftBuzzTests;
			productReference = 49A38132222E780D00306BA4 /* SwiftBuzzTests.xctest */;
			productType = "com.apple.product-type.bundle.unit-test";
		};
/* End PBXNativeTarget section */

/* Begin PBXProject section */
		49A38116222E780C00306BA4 /* Project object */ = {
			isa = PBXProject;
			attributes = {
				LastSwiftUpdateCheck = 1010;
				LastUpgradeCheck = 1010;
				ORGANIZATIONNAME = Andrew;
				TargetAttributes = {
					49A3811D222E780C00306BA4 = {
						CreatedOnToolsVersion = 10.1;
					};
					49A38131222E780D00306BA4 = {
						CreatedOnToolsVersion = 10.1;
						TestTargetID = 49A3811D222E780C00306BA4;
					};
				};
			};
			buildConfigurationList = 49A38119222E780C00306BA4 /* Build configuration list for PBXProject "SwiftBuzz" */;
			compatibilityVersion = "Xcode 9.3";
			developmentRegion = en;
			hasScannedForEncodings = 0;
			knownRegions = (
				en,
				Base,
			);
			mainGroup = 49A38115222E780C00306BA4;
			productRefGroup = 49A3811F222E780C00306BA4 /* Products */;
			projectDirPath = "";
			projectRoot = "";
			targets = (
				49A3811D222E780C00306BA4 /* SwiftBuzz */,
				49A38131222E780D00306BA4 /* SwiftBuzzTests */,
			);
		};
/* End PBXProject section */

/* Begin PBXResourcesBuildPhase section */
		49A3811C222E780C00306BA4 /* Resources */ = {
			isa = PBXResourcesBuildPhase;
			buildActionMask = 2147483647;
			files = (
				49A3812C222E780D00306BA4 /* LaunchScreen.storyboard in Resources */,
				49A38129222E780D00306BA4 /* Assets.xcassets in Resources */,
				49A38127222E780C00306BA4 /* Main.storyboard in Resources */,
			);
			runOnlyForDeploymentPostprocessing = 0;
		};
		49A38130222E780D00306BA4 /* Resources */ = {
			isa = PBXResourcesBuildPhase;
			buildActionMask = 2147483647;
			files = (
			);
			runOnlyForDeploymentPostprocessing = 0;
		};
/* End PBXResourcesBuildPhase section */

/* Begin PBXSourcesBuildPhase section */
		49A3811A222E780C00306BA4 /* Sources */ = {
			isa = PBXSourcesBuildPhase;
			buildActionMask = 2147483647;
			files = (
				49A38124222E780C00306BA4 /* ViewController.swift in Sources */,
				49A38122222E780C00306BA4 /* AppDelegate.swift in Sources */,
			);
			runOnlyForDeploymentPostprocessing = 0;
		};
		49A3812E222E780D00306BA4 /* Sources */ = {
			isa = PBXSourcesBuildPhase;
			buildActionMask = 2147483647;
			files = (
				49A38137222E780D00306BA4 /* SwiftBuzzTests.swift in Sources */,
			);
			runOnlyForDeploymentPostprocessing = 0;
		};
/* End PBXSourcesBuildPhase section */

/* Begin PBXTargetDependency section */
		49A38134222E780D00306BA4 /* PBXTargetDependency */ = {
			isa = PBXTargetDependency;
			target = 49A3811D222E780C00306BA4 /* SwiftBuzz */;
			targetProxy = 49A38133222E780D00306BA4 /* PBXContainerItemProxy */;
		};
/* End PBXTargetDependency section */

/* Begin PBXVariantGroup section */
		49A38125222E780C00306BA4 /* Main.storyboard */ = {
			isa = PBXVariantGroup;
			children = (
				49A38126222E780C00306BA4 /* Base */,
			);
			name = Main.storyboard;
			sourceTree = "<group>";
		};
		49A3812A222E780D00306BA4 /* LaunchScreen.storyboard */ = {
			isa = PBXVariantGroup;
			children = (
				49A3812B222E780D00306BA4 /* Base */,
			);
			name = LaunchScreen.storyboard;
			sourceTree = "<group>";
		};
/* End PBXVariantGroup section */

/* Begin XCBuildConfiguration section */
		49A38139222E780D00306BA4 /* Debug */ = {
			isa = XCBuildConfiguration;
			buildSettings = {
				ALWAYS_SEARCH_USER_PATHS = NO;
				CLANG_ANALYZER_NONNULL = YES;
				CLANG_ANALYZER_NUMBER_OBJECT_CONVERSION = YES_AGGRESSIVE;
				CLANG_CXX_LANGUAGE_STANDARD = "gnu++14";
				CLANG_CXX_LIBRARY = "libc++";
				CLANG_ENABLE_MODULES = YES;
				CLANG_ENABLE_OBJC_ARC = YES;
				CLANG_ENABLE_OBJC_WEAK = YES;
				CLANG_WARN_BLOCK_CAPTURE_AUTORELEASING = YES;
				CLANG_WARN_BOOL_CONVERSION = YES;
				CLANG_WARN_COMMA = YES;
				CLANG_WARN_CONSTANT_CONVERSION = YES;
				CLANG_WARN_DEPRECATED_OBJC_IMPLEMENTATIONS = YES;
				CLANG_WARN_DIRECT_OBJC_ISA_USAGE = YES_ERROR;
				CLANG_WARN_DOCUMENTATION_COMMENTS = YES;
				CLANG_WARN_EMPTY_BODY = YES;
				CLANG_WARN_ENUM_CONVERSION = YES;
				CLANG_WARN_INFINITE_RECURSION = YES;
				CLANG_WARN_INT_CONVERSION = YES;
				CLANG_WARN_NON_LITERAL_NULL_CONVERSION = YES;
				CLANG_WARN_OBJC_IMPLICIT_RETAIN_SELF = YES;
				CLANG_WARN_OBJC_LITERAL_CONVERSION = YES;
				CLANG_WARN_OBJC_ROOT_CLASS = YES_ERROR;
				CLANG_WARN_RANGE_LOOP_ANALYSIS = YES;
				CLANG_WARN_STRICT_PROTOTYPES = YES;
				CLANG_WARN_SUSPICIOUS_MOVE = YES;
				CLANG_WARN_UNGUARDED_AVAILABILITY = YES_AGGRESSIVE;
				CLANG_WARN_UNREACHABLE_CODE = YES;
				CLANG_WARN__DUPLICATE_METHOD_MATCH = YES;
				CODE_SIGN_IDENTITY = "iPhone Developer";
				COPY_PHASE_STRIP = NO;
				DEBUG_INFORMATION_FORMAT = dwarf;
				ENABLE_STRICT_OBJC_MSGSEND = YES;
				ENABLE_TESTABILITY = YES;
				GCC_C_LANGUAGE_STANDARD = gnu11;
				GCC_DYNAMIC_NO_PIC = NO;
				GCC_NO_COMMON_BLOCKS = YES;
				GCC_OPTIMIZATION_LEVEL = 0;
				GCC_PREPROCESSOR_DEFINITIONS = (
					"DEBUG=1",
					"$(inherited)",
				);
				GCC_WARN_64_TO_32_BIT_CONVERSION = YES;
				GCC_WARN_ABOUT_RETURN_TYPE = YES_ERROR;
				GCC_WARN_UNDECLARED_SELECTOR = YES;
				GCC_WARN_UNINITIALIZED_AUTOS = YES_AGGRESSIVE;
				GCC_WARN_UNUSED_FUNCTION = YES;
				GCC_WARN_UNUSED_VARIABLE = YES;
				IPHONEOS_DEPLOYMENT_TARGET = 12.1;
				MTL_ENABLE_DEBUG_INFO = INCLUDE_SOURCE;
				MTL_FAST_MATH = YES;
				ONLY_ACTIVE_ARCH = YES;
				SDKROOT = iphoneos;
				SWIFT_ACTIVE_COMPILATION_CONDITIONS = DEBUG;
				SWIFT_OPTIMIZATION_LEVEL = "-Onone";
			};
			name = Debug;
		};
		49A3813A222E780D00306BA4 /* Release */ = {
			isa = XCBuildConfiguration;
			buildSettings = {
				ALWAYS_SEARCH_USER_PATHS = NO;
				CLANG_ANALYZER_NONNULL = YES;
				CLANG_ANALYZER_NUMBER_OBJECT_CONVERSION = YES_AGGRESSIVE;
				CLANG_CXX_LANGUAGE_STANDARD = "gnu++14";
				CLANG_CXX_LIBRARY = "libc++";
				CLANG_ENABLE_MODULES = YES;
				CLANG_ENABLE_OBJC_ARC = YES;
				CLANG_ENABLE_OBJC_WEAK = YES;
				CLANG_WARN_BLOCK_CAPTURE_AUTORELEASING = YES;
				CLANG_WARN_BOOL_CONVERSION = YES;
				CLANG_WARN_COMMA = YES;
				CLANG_WARN_CONSTANT_CONVERSION = YES;
				CLANG_WARN_DEPRECATED_OBJC_IMPLEMENTATIONS = YES;
				CLANG_WARN_DIRECT_OBJC_ISA_USAGE = YES_ERROR;
				CLANG_WARN_DOCUMENTATION_COMMENTS = YES;
				CLANG_WARN_EMPTY_BODY = YES;
				CLANG_WARN_ENUM_CONVERSION = YES;
				CLANG_WARN_INFINITE_RECURSION = YES;
				CLANG_WARN_INT_CONVERSION = YES;
				CLANG_WARN_NON_LITERAL_NULL_CONVERSION = YES;
				CLANG_WARN_OBJC_IMPLICIT_RETAIN_SELF = YES;
				CLANG_WARN_OBJC_LITERAL_CONVERSION = YES;
				CLANG_WARN_OBJC_ROOT_CLASS = YES_ERROR;
				CLANG_WARN_RANGE_LOOP_ANALYSIS = YES;
				CLANG_WARN_STRICT_PROTOTYPES = YES;
				CLANG_WARN_SUSPICIOUS_MOVE = YES;
				CLANG_WARN_UNGUARDED_AVAILABILITY = YES_AGGRESSIVE;
				CLANG_WARN_UNREACHABLE_CODE = YES;
				CLANG_WARN__DUPLICATE_METHOD_MATCH = YES;
				CODE_SIGN_IDENTITY = "iPhone Developer";
				COPY_PHASE_STRIP = NO;
				DEBUG_INFORMATION_FORMAT = "dwarf-with-dsym";
				ENABLE_NS_ASSERTIONS = NO;
				ENABLE_STRICT_OBJC_MSGSEND = YES;
				GCC_C_LANGUAGE_STANDARD = gnu11;
				GCC_NO_COMMON_BLOCKS = YES;
				GCC_WARN_64_TO_32_BIT_CONVERSION = YES;
				GCC_WARN_ABOUT_RETURN_TYPE = YES_ERROR;
				GCC_WARN_UNDECLARED_SELECTOR = YES;
				GCC_WARN_UNINITIALIZED_AUTOS = YES_AGGRESSIVE;
				GCC_WARN_UNUSED_FUNCTION = YES;
				GCC_WARN_UNUSED_VARIABLE = YES;
				IPHONEOS_DEPLOYMENT_TARGET = 12.1;
				MTL_ENABLE_DEBUG_INFO = NO;
				MTL_FAST_MATH = YES;
				SDKROOT = iphoneos;
				SWIFT_COMPILATION_MODE = wholemodule;
				SWIFT_OPTIMIZATION_LEVEL = "-O";
				VALIDATE_PRODUCT = YES;
			};
			name = Release;
		};
		49A3813C222E780D00306BA4 /* Debug */ = {
			isa = XCBuildConfiguration;
			buildSettings = {
				ASSETCATALOG_COMPILER_APPICON_NAME = AppIcon;
				CODE_SIGN_STYLE = Automatic;
				INFOPLIST_FILE = SwiftBuzz/Info.plist;
				LD_RUNPATH_SEARCH_PATHS = (
					"$(inherited)",
					"@executable_path/Frameworks",
				);
				PRODUCT_BUNDLE_IDENTIFIER = com.acodeguy.SwiftBuzz;
				PRODUCT_NAME = "$(TARGET_NAME)";
				SWIFT_VERSION = 4.2;
				TARGETED_DEVICE_FAMILY = "1,2";
			};
			name = Debug;
		};
		49A3813D222E780D00306BA4 /* Release */ = {
			isa = XCBuildConfiguration;
			buildSettings = {
				ASSETCATALOG_COMPILER_APPICON_NAME = AppIcon;
				CODE_SIGN_STYLE = Automatic;
				INFOPLIST_FILE = SwiftBuzz/Info.plist;
				LD_RUNPATH_SEARCH_PATHS = (
					"$(inherited)",
					"@executable_path/Frameworks",
				);
				PRODUCT_BUNDLE_IDENTIFIER = com.acodeguy.SwiftBuzz;
				PRODUCT_NAME = "$(TARGET_NAME)";
				SWIFT_VERSION = 4.2;
				TARGETED_DEVICE_FAMILY = "1,2";
			};
			name = Release;
		};
		49A3813F222E780D00306BA4 /* Debug */ = {
			isa = XCBuildConfiguration;
			buildSettings = {
				ALWAYS_EMBED_SWIFT_STANDARD_LIBRARIES = YES;
				BUNDLE_LOADER = "$(TEST_HOST)";
				CODE_SIGN_STYLE = Automatic;
				INFOPLIST_FILE = SwiftBuzzTests/Info.plist;
				LD_RUNPATH_SEARCH_PATHS = (
					"$(inherited)",
					"@executable_path/Frameworks",
					"@loader_path/Frameworks",
				);
				PRODUCT_BUNDLE_IDENTIFIER = com.acodeguy.SwiftBuzzTests;
				PRODUCT_NAME = "$(TARGET_NAME)";
				SWIFT_VERSION = 4.2;
				TARGETED_DEVICE_FAMILY = "1,2";
				TEST_HOST = "$(BUILT_PRODUCTS_DIR)/SwiftBuzz.app/SwiftBuzz";
			};
			name = Debug;
		};
		49A38140222E780D00306BA4 /* Release */ = {
			isa = XCBuildConfiguration;
			buildSettings = {
				ALWAYS_EMBED_SWIFT_STANDARD_LIBRARIES = YES;
				BUNDLE_LOADER = "$(TEST_HOST)";
				CODE_SIGN_STYLE = Automatic;
				INFOPLIST_FILE = SwiftBuzzTests/Info.plist;
				LD_RUNPATH_SEARCH_PATHS = (
					"$(inherited)",
					"@executable_path/Frameworks",
					"@loader_path/Frameworks",
				);
				PRODUCT_BUNDLE_IDENTIFIER = com.acodeguy.SwiftBuzzTests;
				PRODUCT_NAME = "$(TARGET_NAME)";
				SWIFT_VERSION = 4.2;
				TARGETED_DEVICE_FAMILY = "1,2";
				TEST_HOST = "$(BUILT_PRODUCTS_DIR)/SwiftBuzz.app/SwiftBuzz";
			};
			name = Release;
		};
/* End XCBuildConfiguration section */

/* Begin XCConfigurationList section */
		49A38119222E780C00306BA4 /* Build configuration list for PBXProject "SwiftBuzz" */ = {
			isa = XCConfigurationList;
			buildConfigurations = (
				49A38139222E780D00306BA4 /* Debug */,
				49A3813A222E780D00306BA4 /* Release */,
			);
			defaultConfigurationIsVisible = 0;
			defaultConfigurationName = Release;
		};
		49A3813B222E780D00306BA4 /* Build configuration list for PBXNativeTarget "SwiftBuzz" */ = {
			isa = XCConfigurationList;
			buildConfigurations = (
				49A3813C222E780D00306BA4 /* Debug */,
				49A3813D222E780D00306BA4 /* Release */,
			);
			defaultConfigurationIsVisible = 0;
			defaultConfigurationName = Release;
		};
		49A3813E222E780D00306BA4 /* Build configuration list for PBXNativeTarget "SwiftBuzzTests" */ = {
			isa = XCConfigurationList;
			buildConfigurations = (
				49A3813F222E780D00306BA4 /* Debug */,
				49A38140222E780D00306BA4 /* Release */,
			);
			defaultConfigurationIsVisible = 0;
			defaultConfigurationName = Release;
		};
/* End XCConfigurationList section */
	};
	rootObject = 49A38116222E780C00306BA4 /* Project object */;
}
